
Microsoft Visual Studio Solution File, Format Version 12.00
# Visual Studio Version 16
VisualStudioVersion = 16.0.31702.278
MinimumVisualStudioVersion = 10.0.40219.1
Project("{FAE04EC0-301F-11D3-BF4B-00C04F79EFBC}") = "UI_Lab_2", "UI_Lab_2\UI_Lab_2.csproj", "{401D57AC-5537-4A0C-AB29-B31BEC4F3389}"
EndProject
Project("{FAE04EC0-301F-11D3-BF4B-00C04F79EFBC}") = "ClassLibrary", "ClassLibrary\ClassLibrary.csproj", "{1A1B6A3C-0FB0-4438-8FA5-96537D6942BF}"
EndProject
Project("{8BC9CEB8-8B4A-11D0-8D11-00A0C91BC942}") = "CPP_DLL", "CPP_DLL\CPP_DLL.vcxproj", "{BF102588-E599-4D42-9A13-24237243379F}"
EndProject
Global
	GlobalSection(SolutionConfigurationPlatforms) = preSolution
		Debug|Any CPU = Debug|Any CPU
		Debug|x64 = Debug|x64
		Debug|x86 = Debug|x86
		Release|Any CPU = Release|Any CPU
		Release|x64 = Release|x64
		Release|x86 = Release|x86
	EndGlobalSection
	GlobalSection(ProjectConfigurationPlatforms) = postSolution
		{401D57AC-5537-4A0C-AB29-B31BEC4F3389}.Debug|Any CPU.ActiveCfg = Debug|Any CPU
		{401D57AC-5537-4A0C-AB29-B31BEC4F3389}.Debug|Any CPU.Build.0 = Debug|Any CPU
		{401D57AC-5537-4A0C-AB29-B31BEC4F3389}.Debug|x64.ActiveCfg = Debug|Any CPU
		{401D57AC-5537-4A0C-AB29-B31BEC4F3389}.Debug|x64.Build.0 = Debug|Any CPU
		{401D57AC-5537-4A0C-AB29-B31BEC4F3389}.Debug|x86.ActiveCfg = Debug|Any CPU
		{401D57AC-5537-4A0C-AB29-B31BEC4F3389}.Debug|x86.Build.0 = Debug|Any CPU
		{401D57AC-5537-4A0C-AB29-B31BEC4F3389}.Release|Any CPU.ActiveCfg = Release|Any CPU
		{401D57AC-5537-4A0C-AB29-B31BEC4F3389}.Release|Any CPU.Build.0 = Release|Any CPU
		{401D57AC-5537-4A0C-AB29-B31BEC4F3389}.Release|x64.ActiveCfg = Release|Any CPU
		{401D57AC-5537-4A0C-AB29-B31BEC4F3389}.Release|x64.Build.0 = Release|Any CPU
		{401D57AC-5537-4A0C-AB29-B31BEC4F3389}.Release|x86.ActiveCfg = Release|Any CPU
		{401D57AC-5537-4A0C-AB29-B31BEC4F3389}.Release|x86.Build.0 = Release|Any CPU
		{1A1B6A3C-0FB0-4438-8FA5-96537D6942BF}.Debug|Any CPU.ActiveCfg = Debug|Any CPU
		{1A1B6A3C-0FB0-4438-8FA5-96537D6942BF}.Debug|Any CPU.Build.0 = Debug|Any CPU
		{1A1B6A3C-0FB0-4438-8FA5-96537D6942BF}.Debug|x64.ActiveCfg = Debug|Any CPU
		{1A1B6A3C-0FB0-4438-8FA5-96537D6942BF}.Debug|x64.Build.0 = Debug|Any CPU
		{1A1B6A3C-0FB0-4438-8FA5-96537D6942BF}.Debug|x86.ActiveCfg = Debug|Any CPU
		{1A1B6A3C-0FB0-4438-8FA5-96537D6942BF}.Debug|x86.Build.0 = Debug|Any CPU
		{1A1B6A3C-0FB0-4438-8FA5-96537D6942BF}.Release|Any CPU.ActiveCfg = Release|Any CPU
		{1A1B6A3C-0FB0-4438-8FA5-96537D6942BF}.Release|Any CPU.Build.0 = Release|Any CPU
		{1A1B6A3C-0FB0-4438-8FA5-96537D6942BF}.Release|x64.ActiveCfg = Release|Any CPU
		{1A1B6A3C-0FB0-4438-8FA5-96537D6942BF}.Release|x64.Build.0 = Release|Any CPU
		{1A1B6A3C-0FB0-4438-8FA5-96537D6942BF}.Release|x86.ActiveCfg = Release|Any CPU
		{1A1B6A3C-0FB0-4438-8FA5-96537D6942BF}.Release|x86.Build.0 = Release|Any CPU
		{BF102588-E599-4D42-9A13-24237243379F}.Debug|Any CPU.ActiveCfg = Debug|Win32
		{BF102588-E599-4D42-9A13-24237243379F}.Debug|x64.ActiveCfg = Debug|x64
		{BF102588-E599-4D42-9A13-24237243379F}.Debug|x64.Build.0 = Debug|x64
		{BF102588-E599-4D42-9A13-24237243379F}.Debug|x86.ActiveCfg = Debug|Win32
		{BF102588-E599-4D42-9A13-24237243379F}.Debug|x86.Build.0 = Debug|Win32
		{BF102588-E599-4D42-9A13-24237243379F}.Release|Any CPU.ActiveCfg = Release|Win32
		{BF102588-E599-4D42-9A13-24237243379F}.Release|x64.ActiveCfg = Release|x64
		{BF102588-E599-4D42-9A13-24237243379F}.Release|x64.Build.0 = Release|x64
		{BF102588-E599-4D42-9A13-24237243379F}.Release|x86.ActiveCfg = Release|Win32
		{BF102588-E599-4D42-9A13-24237243379F}.Release|x86.Build.0 = Release|Win32
	EndGlobalSection
	GlobalSection(SolutionProperties) = preSolution
		HideSolutionNode = FALSE
	EndGlobalSection
	GlobalSection(ExtensibilityGlobals) = postSolution
		SolutionGuid = {7374D66F-F120-4A2A-969B-E2EAAA554289}
	EndGlobalSection
EndGlobal
